// !$*UTF8*$!
{
	archiveVersion = 1;
	classes = {
	};
	objectVersion = 50;
	objects = {

/* Begin PBXBuildFile section */
		AF1F815925B1E7B7009DDDE6 /* HotCoffeApp2App.swift in Sources */ = {isa = PBXBuildFile; fileRef = AF1F815825B1E7B7009DDDE6 /* HotCoffeApp2App.swift */; };
		AF1F815B25B1E7B7009DDDE6 /* ContentView.swift in Sources */ = {isa = PBXBuildFile; fileRef = AF1F815A25B1E7B7009DDDE6 /* ContentView.swift */; };
		AF1F815D25B1E7B9009DDDE6 /* Assets.xcassets in Resources */ = {isa = PBXBuildFile; fileRef = AF1F815C25B1E7B9009DDDE6 /* Assets.xcassets */; };
		AF1F816025B1E7B9009DDDE6 /* Preview Assets.xcassets in Resources */ = {isa = PBXBuildFile; fileRef = AF1F815F25B1E7B9009DDDE6 /* Preview Assets.xcassets */; };
		AF1F816225B1E7B9009DDDE6 /* Persistence.swift in Sources */ = {isa = PBXBuildFile; fileRef = AF1F816125B1E7B9009DDDE6 /* Persistence.swift */; };
		AF1F816525B1E7B9009DDDE6 /* HotCoffeApp2.xcdatamodeld in Sources */ = {isa = PBXBuildFile; fileRef = AF1F816325B1E7B9009DDDE6 /* HotCoffeApp2.xcdatamodeld */; };
/* End PBXBuildFile section */

/* Begin PBXFileReference section */
		AF1F815525B1E7B7009DDDE6 /* HotCoffeApp2.app */ = {isa = PBXFileReference; explicitFileType = wrapper.application; includeInIndex = 0; path = HotCoffeApp2.app; sourceTree = BUILT_PRODUCTS_DIR; };
		AF1F815825B1E7B7009DDDE6 /* HotCoffeApp2App.swift */ = {isa = PBXFileReference; lastKnownFileType = sourcecode.swift; path = HotCoffeApp2App.swift; sourceTree = "<group>"; };
		AF1F815A25B1E7B7009DDDE6 /* ContentView.swift */ = {isa = PBXFileReference; lastKnownFileType = sourcecode.swift; path = ContentView.swift; sourceTree = "<group>"; };
		AF1F815C25B1E7B9009DDDE6 /* Assets.xcassets */ = {isa = PBXFileReference; lastKnownFileType = folder.assetcatalog; path = Assets.xcassets; sourceTree = "<group>"; };
		AF1F815F25B1E7B9009DDDE6 /* Preview Assets.xcassets */ = {isa = PBXFileReference; lastKnownFileType = folder.assetcatalog; path = "Preview Assets.xcassets"; sourceTree = "<group>"; };
		AF1F816125B1E7B9009DDDE6 /* Persistence.swift */ = {isa = PBXFileReference; lastKnownFileType = sourcecode.swift; path = Persistence.swift; sourceTree = "<group>"; };
		AF1F816425B1E7B9009DDDE6 /* HotCoffeApp2.xcdatamodel */ = {isa = PBXFileReference; lastKnownFileType = wrapper.xcdatamodel; path = HotCoffeApp2.xcdatamodel; sourceTree = "<group>"; };
		AF1F816625B1E7B9009DDDE6 /* Info.plist */ = {isa = PBXFileReference; lastKnownFileType = text.plist.xml; path = Info.plist; sourceTree = "<group>"; };
/* End PBXFileReference section */

/* Begin PBXFrameworksBuildPhase section */
		AF1F815225B1E7B7009DDDE6 /* Frameworks */ = {
			isa = PBXFrameworksBuildPhase;
			buildActionMask = 2147483647;
			files = (
			);
			runOnlyForDeploymentPostprocessing = 0;
		};
/* End PBXFrameworksBuildPhase section */

/* Begin PBXGroup section */
		AF1F814C25B1E7B7009DDDE6 = {
			isa = PBXGroup;
			children = (
				AF1F815725B1E7B7009DDDE6 /* HotCoffeApp2 */,
				AF1F815625B1E7B7009DDDE6 /* Products */,
			);
			sourceTree = "<group>";
		};
		AF1F815625B1E7B7009DDDE6 /* Products */ = {
			isa = PBXGroup;
			children = (
				AF1F815525B1E7B7009DDDE6 /* HotCoffeApp2.app */,
			);
			name = Products;
			sourceTree = "<group>";
		};
		AF1F815725B1E7B7009DDDE6 /* HotCoffeApp2 */ = {
			isa = PBXGroup;
			children = (
				AF1F815825B1E7B7009DDDE6 /* HotCoffeApp2App.swift */,
				AF1F815A25B1E7B7009DDDE6 /* ContentView.swift */,
				AF1F815C25B1E7B9009DDDE6 /* Assets.xcassets */,
				AF1F816125B1E7B9009DDDE6 /* Persistence.swift */,
				AF1F816625B1E7B9009DDDE6 /* Info.plist */,
				AF1F816325B1E7B9009DDDE6 /* HotCoffeApp2.xcdatamodeld */,
				AF1F815E25B1E7B9009DDDE6 /* Preview Content */,
			);
			path = HotCoffeApp2;
			sourceTree = "<group>";
		};
		AF1F815E25B1E7B9009DDDE6 /* Preview Content */ = {
			isa = PBXGroup;
			children = (
				AF1F815F25B1E7B9009DDDE6 /* Preview Assets.xcassets */,
			);
			path = "Preview Content";
			sourceTree = "<group>";
		};
/* End PBXGroup section */

/* Begin PBXNativeTarget section */
		AF1F815425B1E7B7009DDDE6 /* HotCoffeApp2 */ = {
			isa = PBXNativeTarget;
			buildConfigurationList = AF1F816925B1E7B9009DDDE6 /* Build configuration list for PBXNativeTarget "HotCoffeApp2" */;
			buildPhases = (
				AF1F815125B1E7B7009DDDE6 /* Sources */,
				AF1F815225B1E7B7009DDDE6 /* Frameworks */,
				AF1F815325B1E7B7009DDDE6 /* Resources */,
			);
			buildRules = (
			);
			dependencies = (
			);
			name = HotCoffeApp2;
			productName = HotCoffeApp2;
			productReference = AF1F815525B1E7B7009DDDE6 /* HotCoffeApp2.app */;
			productType = "com.apple.product-type.application";
		};
/* End PBXNativeTarget section */

/* Begin PBXProject section */
		AF1F814D25B1E7B7009DDDE6 /* Project object */ = {
			isa = PBXProject;
			attributes = {
				LastSwiftUpdateCheck = 1230;
				LastUpgradeCheck = 1230;
				TargetAttributes = {
					AF1F815425B1E7B7009DDDE6 = {
						CreatedOnToolsVersion = 12.3;
					};
				};
			};
			buildConfigurationList = AF1F815025B1E7B7009DDDE6 /* Build configuration list for PBXProject "HotCoffeApp2" */;
			compatibilityVersion = "Xcode 9.3";
			developmentRegion = en;
			hasScannedForEncodings = 0;
			knownRegions = (
				en,
				Base,
			);
			mainGroup = AF1F814C25B1E7B7009DDDE6;
			productRefGroup = AF1F815625B1E7B7009DDDE6 /* Products */;
			projectDirPath = "";
			projectRoot = "";
			targets = (
				AF1F815425B1E7B7009DDDE6 /* HotCoffeApp2 */,
			);
		};
/* End PBXProject section */

/* Begin PBXResourcesBuildPhase section */
		AF1F815325B1E7B7009DDDE6 /* Resources */ = {
			isa = PBXResourcesBuildPhase;
			buildActionMask = 2147483647;
			files = (
				AF1F816025B1E7B9009DDDE6 /* Preview Assets.xcassets in Resources */,
				AF1F815D25B1E7B9009DDDE6 /* Assets.xcassets in Resources */,
			);
			runOnlyForDeploymentPostprocessing = 0;
		};
/* End PBXResourcesBuildPhase section */

/* Begin PBXSourcesBuildPhase section */
		AF1F815125B1E7B7009DDDE6 /* Sources */ = {
			isa = PBXSourcesBuildPhase;
			buildActionMask = 2147483647;
			files = (
				AF1F816225B1E7B9009DDDE6 /* Persistence.swift in Sources */,
				AF1F815B25B1E7B7009DDDE6 /* ContentView.swift in Sources */,
				AF1F816525B1E7B9009DDDE6 /* HotCoffeApp2.xcdatamodeld in Sources */,
				AF1F815925B1E7B7009DDDE6 /* HotCoffeApp2App.swift in Sources */,
			);
			runOnlyForDeploymentPostprocessing = 0;
		};
/* End PBXSourcesBuildPhase section */

/* Begin XCBuildConfiguration section */
		AF1F816725B1E7B9009DDDE6 /* Debug */ = {
			isa = XCBuildConfiguration;
			buildSettings = {
				ALWAYS_SEARCH_USER_PATHS = NO;
				CLANG_ANALYZER_NONNULL = YES;
				CLANG_ANALYZER_NUMBER_OBJECT_CONVERSION = YES_AGGRESSIVE;
				CLANG_CXX_LANGUAGE_STANDARD = "gnu++14";
				CLANG_CXX_LIBRARY = "libc++";
				CLANG_ENABLE_MODULES = YES;
				CLANG_ENABLE_OBJC_ARC = YES;
				CLANG_ENABLE_OBJC_WEAK = YES;
				CLANG_WARN_BLOCK_CAPTURE_AUTORELEASING = YES;
				CLANG_WARN_BOOL_CONVERSION = YES;
				CLANG_WARN_COMMA = YES;
				CLANG_WARN_CONSTANT_CONVERSION = YES;
				CLANG_WARN_DEPRECATED_OBJC_IMPLEMENTATIONS = YES;
				CLANG_WARN_DIRECT_OBJC_ISA_USAGE = YES_ERROR;
				CLANG_WARN_DOCUMENTATION_COMMENTS = YES;
				CLANG_WARN_EMPTY_BODY = YES;
				CLANG_WARN_ENUM_CONVERSION = YES;
				CLANG_WARN_INFINITE_RECURSION = YES;
				CLANG_WARN_INT_CONVERSION = YES;
				CLANG_WARN_NON_LITERAL_NULL_CONVERSION = YES;
				CLANG_WARN_OBJC_IMPLICIT_RETAIN_SELF = YES;
				CLANG_WARN_OBJC_LITERAL_CONVERSION = YES;
				CLANG_WARN_OBJC_ROOT_CLASS = YES_ERROR;
				CLANG_WARN_QUOTED_INCLUDE_IN_FRAMEWORK_HEADER = YES;
				CLANG_WARN_RANGE_LOOP_ANALYSIS = YES;
				CLANG_WARN_STRICT_PROTOTYPES = YES;
				CLANG_WARN_SUSPICIOUS_MOVE = YES;
				CLANG_WARN_UNGUARDED_AVAILABILITY = YES_AGGRESSIVE;
				CLANG_WARN_UNREACHABLE_CODE = YES;
				CLANG_WARN__DUPLICATE_METHOD_MATCH = YES;
				COPY_PHASE_STRIP = NO;
				DEBUG_INFORMATION_FORMAT = dwarf;
				ENABLE_STRICT_OBJC_MSGSEND = YES;
				ENABLE_TESTABILITY = YES;
				GCC_C_LANGUAGE_STANDARD = gnu11;
				GCC_DYNAMIC_NO_PIC = NO;
				GCC_NO_COMMON_BLOCKS = YES;
				GCC_OPTIMIZATION_LEVEL = 0;
				GCC_PREPROCESSOR_DEFINITIONS = (
					"DEBUG=1",
					"$(inherited)",
				);
				GCC_WARN_64_TO_32_BIT_CONVERSION = YES;
				GCC_WARN_ABOUT_RETURN_TYPE = YES_ERROR;
				GCC_WARN_UNDECLARED_SELECTOR = YES;
				GCC_WARN_UNINITIALIZED_AUTOS = YES_AGGRESSIVE;
				GCC_WARN_UNUSED_FUNCTION = YES;
				GCC_WARN_UNUSED_VARIABLE = YES;
				IPHONEOS_DEPLOYMENT_TARGET = 14.3;
				MTL_ENABLE_DEBUG_INFO = INCLUDE_SOURCE;
				MTL_FAST_MATH = YES;
				ONLY_ACTIVE_ARCH = YES;
				SDKROOT = iphoneos;
				SWIFT_ACTIVE_COMPILATION_CONDITIONS = DEBUG;
				SWIFT_OPTIMIZATION_LEVEL = "-Onone";
			};
			name = Debug;
		};
		AF1F816825B1E7B9009DDDE6 /* Release */ = {
			isa = XCBuildConfiguration;
			buildSettings = {
				ALWAYS_SEARCH_USER_PATHS = NO;
				CLANG_ANALYZER_NONNULL = YES;
				CLANG_ANALYZER_NUMBER_OBJECT_CONVERSION = YES_AGGRESSIVE;
				CLANG_CXX_LANGUAGE_STANDARD = "gnu++14";
				CLANG_CXX_LIBRARY = "libc++";
				CLANG_ENABLE_MODULES = YES;
				CLANG_ENABLE_OBJC_ARC = YES;
				CLANG_ENABLE_OBJC_WEAK = YES;
				CLANG_WARN_BLOCK_CAPTURE_AUTORELEASING = YES;
				CLANG_WARN_BOOL_CONVERSION = YES;
				CLANG_WARN_COMMA = YES;
				CLANG_WARN_CONSTANT_CONVERSION = YES;
				CLANG_WARN_DEPRECATED_OBJC_IMPLEMENTATIONS = YES;
				CLANG_WARN_DIRECT_OBJC_ISA_USAGE = YES_ERROR;
				CLANG_WARN_DOCUMENTATION_COMMENTS = YES;
				CLANG_WARN_EMPTY_BODY = YES;
				CLANG_WARN_ENUM_CONVERSION = YES;
				CLANG_WARN_INFINITE_RECURSION = YES;
				CLANG_WARN_INT_CONVERSION = YES;
				CLANG_WARN_NON_LITERAL_NULL_CONVERSION = YES;
				CLANG_WARN_OBJC_IMPLICIT_RETAIN_SELF = YES;
				CLANG_WARN_OBJC_LITERAL_CONVERSION = YES;
				CLANG_WARN_OBJC_ROOT_CLASS = YES_ERROR;
				CLANG_WARN_QUOTED_INCLUDE_IN_FRAMEWORK_HEADER = YES;
				CLANG_WARN_RANGE_LOOP_ANALYSIS = YES;
				CLANG_WARN_STRICT_PROTOTYPES = YES;
				CLANG_WARN_SUSPICIOUS_MOVE = YES;
				CLANG_WARN_UNGUARDED_AVAILABILITY = YES_AGGRESSIVE;
				CLANG_WARN_UNREACHABLE_CODE = YES;
				CLANG_WARN__DUPLICATE_METHOD_MATCH = YES;
				COPY_PHASE_STRIP = NO;
				DEBUG_INFORMATION_FORMAT = "dwarf-with-dsym";
				ENABLE_NS_ASSERTIONS = NO;
				ENABLE_STRICT_OBJC_MSGSEND = YES;
				GCC_C_LANGUAGE_STANDARD = gnu11;
				GCC_NO_COMMON_BLOCKS = YES;
				GCC_WARN_64_TO_32_BIT_CONVERSION = YES;
				GCC_WARN_ABOUT_RETURN_TYPE = YES_ERROR;
				GCC_WARN_UNDECLARED_SELECTOR = YES;
				GCC_WARN_UNINITIALIZED_AUTOS = YES_AGGRESSIVE;
				GCC_WARN_UNUSED_FUNCTION = YES;
				GCC_WARN_UNUSED_VARIABLE = YES;
				IPHONEOS_DEPLOYMENT_TARGET = 14.3;
				MTL_ENABLE_DEBUG_INFO = NO;
				MTL_FAST_MATH = YES;
				SDKROOT = iphoneos;
				SWIFT_COMPILATION_MODE = wholemodule;
				SWIFT_OPTIMIZATION_LEVEL = "-O";
				VALIDATE_PRODUCT = YES;
			};
			name = Release;
		};
		AF1F816A25B1E7B9009DDDE6 /* Debug */ = {
			isa = XCBuildConfiguration;
			buildSettings = {
				ASSETCATALOG_COMPILER_APPICON_NAME = AppIcon;
				ASSETCATALOG_COMPILER_GLOBAL_ACCENT_COLOR_NAME = AccentColor;
				CODE_SIGN_STYLE = Automatic;
				DEVELOPMENT_ASSET_PATHS = "\"HotCoffeApp2/Preview Content\"";
				DEVELOPMENT_TEAM = L634MQB9CR;
				ENABLE_PREVIEWS = YES;
				INFOPLIST_FILE = HotCoffeApp2/Info.plist;
				IPHONEOS_DEPLOYMENT_TARGET = 14.0;
				LD_RUNPATH_SEARCH_PATHS = (
					"$(inherited)",
					"@executable_path/Frameworks",
				);
				PRODUCT_BUNDLE_IDENTIFIER = "Payam-Khaninejad.HotCoffeApp2";
				PRODUCT_NAME = "$(TARGET_NAME)";
				SWIFT_VERSION = 5.0;
				TARGETED_DEVICE_FAMILY = "1,2";
			};
			name = Debug;
		};
		AF1F816B25B1E7B9009DDDE6 /* Release */ = {
			isa = XCBuildConfiguration;
			buildSettings = {
				ASSETCATALOG_COMPILER_APPICON_NAME = AppIcon;
				ASSETCATALOG_COMPILER_GLOBAL_ACCENT_COLOR_NAME = AccentColor;
				CODE_SIGN_STYLE = Automatic;
				DEVELOPMENT_ASSET_PATHS = "\"HotCoffeApp2/Preview Content\"";
				DEVELOPMENT_TEAM = L634MQB9CR;
				ENABLE_PREVIEWS = YES;
				INFOPLIST_FILE = HotCoffeApp2/Info.plist;
				IPHONEOS_DEPLOYMENT_TARGET = 14.0;
				LD_RUNPATH_SEARCH_PATHS = (
					"$(inherited)",
					"@executable_path/Frameworks",
				);
				PRODUCT_BUNDLE_IDENTIFIER = "Payam-Khaninejad.HotCoffeApp2";
				PRODUCT_NAME = "$(TARGET_NAME)";
				SWIFT_VERSION = 5.0;
				TARGETED_DEVICE_FAMILY = "1,2";
			};
			name = Release;
		};
/* End XCBuildConfiguration section */

/* Begin XCConfigurationList section */
		AF1F815025B1E7B7009DDDE6 /* Build configuration list for PBXProject "HotCoffeApp2" */ = {
			isa = XCConfigurationList;
			buildConfigurations = (
				AF1F816725B1E7B9009DDDE6 /* Debug */,
				AF1F816825B1E7B9009DDDE6 /* Release */,
			);
			defaultConfigurationIsVisible = 0;
			defaultConfigurationName = Release;
		};
		AF1F816925B1E7B9009DDDE6 /* Build configuration list for PBXNativeTarget "HotCoffeApp2" */ = {
			isa = XCConfigurationList;
			buildConfigurations = (
				AF1F816A25B1E7B9009DDDE6 /* Debug */,
				AF1F816B25B1E7B9009DDDE6 /* Release */,
			);
			defaultConfigurationIsVisible = 0;
			defaultConfigurationName = Release;
		};
/* End XCConfigurationList section */

/* Begin XCVersionGroup section */
		AF1F816325B1E7B9009DDDE6 /* HotCoffeApp2.xcdatamodeld */ = {
			isa = XCVersionGroup;
			children = (
				AF1F816425B1E7B9009DDDE6 /* HotCoffeApp2.xcdatamodel */,
			);
			currentVersion = AF1F816425B1E7B9009DDDE6 /* HotCoffeApp2.xcdatamodel */;
			path = HotCoffeApp2.xcdatamodeld;
			sourceTree = "<group>";
			versionGroupType = wrapper.xcdatamodel;
		};
/* End XCVersionGroup section */
	};
	rootObject = AF1F814D25B1E7B7009DDDE6 /* Project object */;
}
