// !$*UTF8*$!
{
	archiveVersion = 1;
	classes = {
	};
	objectVersion = 50;
	objects = {

/* Begin PBXBuildFile section */
		AF1F811E25B1AAF4009DDDE6 /* HotCoffeAppApp.swift in Sources */ = {isa = PBXBuildFile; fileRef = AF1F811D25B1AAF4009DDDE6 /* HotCoffeAppApp.swift */; };
		AF1F812025B1AAF4009DDDE6 /* ContentView.swift in Sources */ = {isa = PBXBuildFile; fileRef = AF1F811F25B1AAF4009DDDE6 /* ContentView.swift */; };
		AF1F812225B1AAF5009DDDE6 /* Assets.xcassets in Resources */ = {isa = PBXBuildFile; fileRef = AF1F812125B1AAF5009DDDE6 /* Assets.xcassets */; };
		AF1F812525B1AAF5009DDDE6 /* Preview Assets.xcassets in Resources */ = {isa = PBXBuildFile; fileRef = AF1F812425B1AAF5009DDDE6 /* Preview Assets.xcassets */; };
		AF1F812725B1AAF5009DDDE6 /* Persistence.swift in Sources */ = {isa = PBXBuildFile; fileRef = AF1F812625B1AAF5009DDDE6 /* Persistence.swift */; };
		AF1F812A25B1AAF5009DDDE6 /* HotCoffeApp.xcdatamodeld in Sources */ = {isa = PBXBuildFile; fileRef = AF1F812825B1AAF5009DDDE6 /* HotCoffeApp.xcdatamodeld */; };
		AF1F813425B1ADA8009DDDE6 /* CoreDataManager.swift in Sources */ = {isa = PBXBuildFile; fileRef = AF1F813325B1ADA8009DDDE6 /* CoreDataManager.swift */; };
		AF1F813925B1AFE7009DDDE6 /* AddOrderViewModel.swift in Sources */ = {isa = PBXBuildFile; fileRef = AF1F813825B1AFE7009DDDE6 /* AddOrderViewModel.swift */; };
		AF1F814225B1C6EB009DDDE6 /* AddOrderView.swift in Sources */ = {isa = PBXBuildFile; fileRef = AF1F814125B1C6EB009DDDE6 /* AddOrderView.swift */; };
		AF1F817825B1EE59009DDDE6 /* Order+CoreDataClass.swift in Sources */ = {isa = PBXBuildFile; fileRef = AF1F817625B1EE59009DDDE6 /* Order+CoreDataClass.swift */; };
		AF1F817925B1EE59009DDDE6 /* Order+CoreDataProperties.swift in Sources */ = {isa = PBXBuildFile; fileRef = AF1F817725B1EE59009DDDE6 /* Order+CoreDataProperties.swift */; };
		AF1F817C25B1F2BC009DDDE6 /* OrderListViewModel.swift in Sources */ = {isa = PBXBuildFile; fileRef = AF1F817B25B1F2BC009DDDE6 /* OrderListViewModel.swift */; };
/* End PBXBuildFile section */

/* Begin PBXFileReference section */
		AF1F811A25B1AAF4009DDDE6 /* HotCoffeApp.app */ = {isa = PBXFileReference; explicitFileType = wrapper.application; includeInIndex = 0; path = HotCoffeApp.app; sourceTree = BUILT_PRODUCTS_DIR; };
		AF1F811D25B1AAF4009DDDE6 /* HotCoffeAppApp.swift */ = {isa = PBXFileReference; lastKnownFileType = sourcecode.swift; path = HotCoffeAppApp.swift; sourceTree = "<group>"; };
		AF1F811F25B1AAF4009DDDE6 /* ContentView.swift */ = {isa = PBXFileReference; lastKnownFileType = sourcecode.swift; path = ContentView.swift; sourceTree = "<group>"; };
		AF1F812125B1AAF5009DDDE6 /* Assets.xcassets */ = {isa = PBXFileReference; lastKnownFileType = folder.assetcatalog; path = Assets.xcassets; sourceTree = "<group>"; };
		AF1F812425B1AAF5009DDDE6 /* Preview Assets.xcassets */ = {isa = PBXFileReference; lastKnownFileType = folder.assetcatalog; path = "Preview Assets.xcassets"; sourceTree = "<group>"; };
		AF1F812625B1AAF5009DDDE6 /* Persistence.swift */ = {isa = PBXFileReference; lastKnownFileType = sourcecode.swift; path = Persistence.swift; sourceTree = "<group>"; };
		AF1F812925B1AAF5009DDDE6 /* HotCoffeApp.xcdatamodel */ = {isa = PBXFileReference; lastKnownFileType = wrapper.xcdatamodel; path = HotCoffeApp.xcdatamodel; sourceTree = "<group>"; };
		AF1F812B25B1AAF5009DDDE6 /* Info.plist */ = {isa = PBXFileReference; lastKnownFileType = text.plist.xml; path = Info.plist; sourceTree = "<group>"; };
		AF1F813325B1ADA8009DDDE6 /* CoreDataManager.swift */ = {isa = PBXFileReference; lastKnownFileType = sourcecode.swift; path = CoreDataManager.swift; sourceTree = "<group>"; };
		AF1F813825B1AFE7009DDDE6 /* AddOrderViewModel.swift */ = {isa = PBXFileReference; lastKnownFileType = sourcecode.swift; path = AddOrderViewModel.swift; sourceTree = "<group>"; };
		AF1F814125B1C6EB009DDDE6 /* AddOrderView.swift */ = {isa = PBXFileReference; lastKnownFileType = sourcecode.swift; path = AddOrderView.swift; sourceTree = "<group>"; };
		AF1F817625B1EE59009DDDE6 /* Order+CoreDataClass.swift */ = {isa = PBXFileReference; lastKnownFileType = sourcecode.swift; path = "Order+CoreDataClass.swift"; sourceTree = "<group>"; };
		AF1F817725B1EE59009DDDE6 /* Order+CoreDataProperties.swift */ = {isa = PBXFileReference; lastKnownFileType = sourcecode.swift; path = "Order+CoreDataProperties.swift"; sourceTree = "<group>"; };
		AF1F817B25B1F2BC009DDDE6 /* OrderListViewModel.swift */ = {isa = PBXFileReference; lastKnownFileType = sourcecode.swift; path = OrderListViewModel.swift; sourceTree = "<group>"; };
/* End PBXFileReference section */

/* Begin PBXFrameworksBuildPhase section */
		AF1F811725B1AAF4009DDDE6 /* Frameworks */ = {
			isa = PBXFrameworksBuildPhase;
			buildActionMask = 2147483647;
			files = (
			);
			runOnlyForDeploymentPostprocessing = 0;
		};
/* End PBXFrameworksBuildPhase section */

/* Begin PBXGroup section */
		AF1F811125B1AAF4009DDDE6 = {
			isa = PBXGroup;
			children = (
				AF1F817625B1EE59009DDDE6 /* Order+CoreDataClass.swift */,
				AF1F817725B1EE59009DDDE6 /* Order+CoreDataProperties.swift */,
				AF1F811C25B1AAF4009DDDE6 /* HotCoffeApp */,
				AF1F811B25B1AAF4009DDDE6 /* Products */,
			);
			sourceTree = "<group>";
		};
		AF1F811B25B1AAF4009DDDE6 /* Products */ = {
			isa = PBXGroup;
			children = (
				AF1F811A25B1AAF4009DDDE6 /* HotCoffeApp.app */,
			);
			name = Products;
			sourceTree = "<group>";
		};
		AF1F811C25B1AAF4009DDDE6 /* HotCoffeApp */ = {
			isa = PBXGroup;
			children = (
				AF1F813C25B1B02E009DDDE6 /* Views */,
				AF1F813725B1AFDA009DDDE6 /* Models */,
				AF1F813225B1AD92009DDDE6 /* Manager */,
				AF1F811D25B1AAF4009DDDE6 /* HotCoffeAppApp.swift */,
				AF1F812125B1AAF5009DDDE6 /* Assets.xcassets */,
				AF1F812625B1AAF5009DDDE6 /* Persistence.swift */,
				AF1F812B25B1AAF5009DDDE6 /* Info.plist */,
				AF1F812825B1AAF5009DDDE6 /* HotCoffeApp.xcdatamodeld */,
				AF1F812325B1AAF5009DDDE6 /* Preview Content */,
			);
			path = HotCoffeApp;
			sourceTree = "<group>";
		};
		AF1F812325B1AAF5009DDDE6 /* Preview Content */ = {
			isa = PBXGroup;
			children = (
				AF1F812425B1AAF5009DDDE6 /* Preview Assets.xcassets */,
			);
			path = "Preview Content";
			sourceTree = "<group>";
		};
		AF1F813225B1AD92009DDDE6 /* Manager */ = {
			isa = PBXGroup;
			children = (
				AF1F813325B1ADA8009DDDE6 /* CoreDataManager.swift */,
			);
			path = Manager;
			sourceTree = "<group>";
		};
		AF1F813725B1AFDA009DDDE6 /* Models */ = {
			isa = PBXGroup;
			children = (
				AF1F813825B1AFE7009DDDE6 /* AddOrderViewModel.swift */,
				AF1F817B25B1F2BC009DDDE6 /* OrderListViewModel.swift */,
			);
			path = Models;
			sourceTree = "<group>";
		};
		AF1F813C25B1B02E009DDDE6 /* Views */ = {
			isa = PBXGroup;
			children = (
				AF1F811F25B1AAF4009DDDE6 /* ContentView.swift */,
				AF1F814125B1C6EB009DDDE6 /* AddOrderView.swift */,
			);
			path = Views;
			sourceTree = "<group>";
		};
/* End PBXGroup section */

/* Begin PBXNativeTarget section */
		AF1F811925B1AAF4009DDDE6 /* HotCoffeApp */ = {
			isa = PBXNativeTarget;
			buildConfigurationList = AF1F812E25B1AAF5009DDDE6 /* Build configuration list for PBXNativeTarget "HotCoffeApp" */;
			buildPhases = (
				AF1F811625B1AAF4009DDDE6 /* Sources */,
				AF1F811725B1AAF4009DDDE6 /* Frameworks */,
				AF1F811825B1AAF4009DDDE6 /* Resources */,
			);
			buildRules = (
			);
			dependencies = (
			);
			name = HotCoffeApp;
			productName = HotCoffeApp;
			productReference = AF1F811A25B1AAF4009DDDE6 /* HotCoffeApp.app */;
			productType = "com.apple.product-type.application";
		};
/* End PBXNativeTarget section */

/* Begin PBXProject section */
		AF1F811225B1AAF4009DDDE6 /* Project object */ = {
			isa = PBXProject;
			attributes = {
				LastSwiftUpdateCheck = 1230;
				LastUpgradeCheck = 1230;
				TargetAttributes = {
					AF1F811925B1AAF4009DDDE6 = {
						CreatedOnToolsVersion = 12.3;
					};
				};
			};
			buildConfigurationList = AF1F811525B1AAF4009DDDE6 /* Build configuration list for PBXProject "HotCoffeApp" */;
			compatibilityVersion = "Xcode 9.3";
			developmentRegion = en;
			hasScannedForEncodings = 0;
			knownRegions = (
				en,
				Base,
			);
			mainGroup = AF1F811125B1AAF4009DDDE6;
			productRefGroup = AF1F811B25B1AAF4009DDDE6 /* Products */;
			projectDirPath = "";
			projectRoot = "";
			targets = (
				AF1F811925B1AAF4009DDDE6 /* HotCoffeApp */,
			);
		};
/* End PBXProject section */

/* Begin PBXResourcesBuildPhase section */
		AF1F811825B1AAF4009DDDE6 /* Resources */ = {
			isa = PBXResourcesBuildPhase;
			buildActionMask = 2147483647;
			files = (
				AF1F812525B1AAF5009DDDE6 /* Preview Assets.xcassets in Resources */,
				AF1F812225B1AAF5009DDDE6 /* Assets.xcassets in Resources */,
			);
			runOnlyForDeploymentPostprocessing = 0;
		};
/* End PBXResourcesBuildPhase section */

/* Begin PBXSourcesBuildPhase section */
		AF1F811625B1AAF4009DDDE6 /* Sources */ = {
			isa = PBXSourcesBuildPhase;
			buildActionMask = 2147483647;
			files = (
				AF1F817925B1EE59009DDDE6 /* Order+CoreDataProperties.swift in Sources */,
				AF1F812725B1AAF5009DDDE6 /* Persistence.swift in Sources */,
				AF1F812025B1AAF4009DDDE6 /* ContentView.swift in Sources */,
				AF1F811E25B1AAF4009DDDE6 /* HotCoffeAppApp.swift in Sources */,
				AF1F813925B1AFE7009DDDE6 /* AddOrderViewModel.swift in Sources */,
				AF1F817C25B1F2BC009DDDE6 /* OrderListViewModel.swift in Sources */,
				AF1F817825B1EE59009DDDE6 /* Order+CoreDataClass.swift in Sources */,
				AF1F813425B1ADA8009DDDE6 /* CoreDataManager.swift in Sources */,
				AF1F812A25B1AAF5009DDDE6 /* HotCoffeApp.xcdatamodeld in Sources */,
				AF1F814225B1C6EB009DDDE6 /* AddOrderView.swift in Sources */,
			);
			runOnlyForDeploymentPostprocessing = 0;
		};
/* End PBXSourcesBuildPhase section */

/* Begin XCBuildConfiguration section */
		AF1F812C25B1AAF5009DDDE6 /* Debug */ = {
			isa = XCBuildConfiguration;
			buildSettings = {
				ALWAYS_SEARCH_USER_PATHS = NO;
				CLANG_ANALYZER_NONNULL = YES;
				CLANG_ANALYZER_NUMBER_OBJECT_CONVERSION = YES_AGGRESSIVE;
				CLANG_CXX_LANGUAGE_STANDARD = "gnu++14";
				CLANG_CXX_LIBRARY = "libc++";
				CLANG_ENABLE_MODULES = YES;
				CLANG_ENABLE_OBJC_ARC = YES;
				CLANG_ENABLE_OBJC_WEAK = YES;
				CLANG_WARN_BLOCK_CAPTURE_AUTORELEASING = YES;
				CLANG_WARN_BOOL_CONVERSION = YES;
				CLANG_WARN_COMMA = YES;
				CLANG_WARN_CONSTANT_CONVERSION = YES;
				CLANG_WARN_DEPRECATED_OBJC_IMPLEMENTATIONS = YES;
				CLANG_WARN_DIRECT_OBJC_ISA_USAGE = YES_ERROR;
				CLANG_WARN_DOCUMENTATION_COMMENTS = YES;
				CLANG_WARN_EMPTY_BODY = YES;
				CLANG_WARN_ENUM_CONVERSION = YES;
				CLANG_WARN_INFINITE_RECURSION = YES;
				CLANG_WARN_INT_CONVERSION = YES;
				CLANG_WARN_NON_LITERAL_NULL_CONVERSION = YES;
				CLANG_WARN_OBJC_IMPLICIT_RETAIN_SELF = YES;
				CLANG_WARN_OBJC_LITERAL_CONVERSION = YES;
				CLANG_WARN_OBJC_ROOT_CLASS = YES_ERROR;
				CLANG_WARN_QUOTED_INCLUDE_IN_FRAMEWORK_HEADER = YES;
				CLANG_WARN_RANGE_LOOP_ANALYSIS = YES;
				CLANG_WARN_STRICT_PROTOTYPES = YES;
				CLANG_WARN_SUSPICIOUS_MOVE = YES;
				CLANG_WARN_UNGUARDED_AVAILABILITY = YES_AGGRESSIVE;
				CLANG_WARN_UNREACHABLE_CODE = YES;
				CLANG_WARN__DUPLICATE_METHOD_MATCH = YES;
				COPY_PHASE_STRIP = NO;
				DEBUG_INFORMATION_FORMAT = dwarf;
				ENABLE_STRICT_OBJC_MSGSEND = YES;
				ENABLE_TESTABILITY = YES;
				GCC_C_LANGUAGE_STANDARD = gnu11;
				GCC_DYNAMIC_NO_PIC = NO;
				GCC_NO_COMMON_BLOCKS = YES;
				GCC_OPTIMIZATION_LEVEL = 0;
				GCC_PREPROCESSOR_DEFINITIONS = (
					"DEBUG=1",
					"$(inherited)",
				);
				GCC_WARN_64_TO_32_BIT_CONVERSION = YES;
				GCC_WARN_ABOUT_RETURN_TYPE = YES_ERROR;
				GCC_WARN_UNDECLARED_SELECTOR = YES;
				GCC_WARN_UNINITIALIZED_AUTOS = YES_AGGRESSIVE;
				GCC_WARN_UNUSED_FUNCTION = YES;
				GCC_WARN_UNUSED_VARIABLE = YES;
				IPHONEOS_DEPLOYMENT_TARGET = 14.3;
				MTL_ENABLE_DEBUG_INFO = INCLUDE_SOURCE;
				MTL_FAST_MATH = YES;
				ONLY_ACTIVE_ARCH = YES;
				SDKROOT = iphoneos;
				SWIFT_ACTIVE_COMPILATION_CONDITIONS = DEBUG;
				SWIFT_OPTIMIZATION_LEVEL = "-Onone";
			};
			name = Debug;
		};
		AF1F812D25B1AAF5009DDDE6 /* Release */ = {
			isa = XCBuildConfiguration;
			buildSettings = {
				ALWAYS_SEARCH_USER_PATHS = NO;
				CLANG_ANALYZER_NONNULL = YES;
				CLANG_ANALYZER_NUMBER_OBJECT_CONVERSION = YES_AGGRESSIVE;
				CLANG_CXX_LANGUAGE_STANDARD = "gnu++14";
				CLANG_CXX_LIBRARY = "libc++";
				CLANG_ENABLE_MODULES = YES;
				CLANG_ENABLE_OBJC_ARC = YES;
				CLANG_ENABLE_OBJC_WEAK = YES;
				CLANG_WARN_BLOCK_CAPTURE_AUTORELEASING = YES;
				CLANG_WARN_BOOL_CONVERSION = YES;
				CLANG_WARN_COMMA = YES;
				CLANG_WARN_CONSTANT_CONVERSION = YES;
				CLANG_WARN_DEPRECATED_OBJC_IMPLEMENTATIONS = YES;
				CLANG_WARN_DIRECT_OBJC_ISA_USAGE = YES_ERROR;
				CLANG_WARN_DOCUMENTATION_COMMENTS = YES;
				CLANG_WARN_EMPTY_BODY = YES;
				CLANG_WARN_ENUM_CONVERSION = YES;
				CLANG_WARN_INFINITE_RECURSION = YES;
				CLANG_WARN_INT_CONVERSION = YES;
				CLANG_WARN_NON_LITERAL_NULL_CONVERSION = YES;
				CLANG_WARN_OBJC_IMPLICIT_RETAIN_SELF = YES;
				CLANG_WARN_OBJC_LITERAL_CONVERSION = YES;
				CLANG_WARN_OBJC_ROOT_CLASS = YES_ERROR;
				CLANG_WARN_QUOTED_INCLUDE_IN_FRAMEWORK_HEADER = YES;
				CLANG_WARN_RANGE_LOOP_ANALYSIS = YES;
				CLANG_WARN_STRICT_PROTOTYPES = YES;
				CLANG_WARN_SUSPICIOUS_MOVE = YES;
				CLANG_WARN_UNGUARDED_AVAILABILITY = YES_AGGRESSIVE;
				CLANG_WARN_UNREACHABLE_CODE = YES;
				CLANG_WARN__DUPLICATE_METHOD_MATCH = YES;
				COPY_PHASE_STRIP = NO;
				DEBUG_INFORMATION_FORMAT = "dwarf-with-dsym";
				ENABLE_NS_ASSERTIONS = NO;
				ENABLE_STRICT_OBJC_MSGSEND = YES;
				GCC_C_LANGUAGE_STANDARD = gnu11;
				GCC_NO_COMMON_BLOCKS = YES;
				GCC_WARN_64_TO_32_BIT_CONVERSION = YES;
				GCC_WARN_ABOUT_RETURN_TYPE = YES_ERROR;
				GCC_WARN_UNDECLARED_SELECTOR = YES;
				GCC_WARN_UNINITIALIZED_AUTOS = YES_AGGRESSIVE;
				GCC_WARN_UNUSED_FUNCTION = YES;
				GCC_WARN_UNUSED_VARIABLE = YES;
				IPHONEOS_DEPLOYMENT_TARGET = 14.3;
				MTL_ENABLE_DEBUG_INFO = NO;
				MTL_FAST_MATH = YES;
				SDKROOT = iphoneos;
				SWIFT_COMPILATION_MODE = wholemodule;
				SWIFT_OPTIMIZATION_LEVEL = "-O";
				VALIDATE_PRODUCT = YES;
			};
			name = Release;
		};
		AF1F812F25B1AAF5009DDDE6 /* Debug */ = {
			isa = XCBuildConfiguration;
			buildSettings = {
				ASSETCATALOG_COMPILER_APPICON_NAME = AppIcon;
				ASSETCATALOG_COMPILER_GLOBAL_ACCENT_COLOR_NAME = AccentColor;
				CODE_SIGN_STYLE = Automatic;
				DEVELOPMENT_ASSET_PATHS = "\"HotCoffeApp/Preview Content\"";
				DEVELOPMENT_TEAM = L634MQB9CR;
				ENABLE_PREVIEWS = YES;
				INFOPLIST_FILE = HotCoffeApp/Info.plist;
				IPHONEOS_DEPLOYMENT_TARGET = 14.0;
				LD_RUNPATH_SEARCH_PATHS = (
					"$(inherited)",
					"@executable_path/Frameworks",
				);
				PRODUCT_BUNDLE_IDENTIFIER = "Payam-Khaninejad.HotCoffeApp";
				PRODUCT_NAME = "$(TARGET_NAME)";
				SWIFT_VERSION = 5.0;
				TARGETED_DEVICE_FAMILY = "1,2";
			};
			name = Debug;
		};
		AF1F813025B1AAF5009DDDE6 /* Release */ = {
			isa = XCBuildConfiguration;
			buildSettings = {
				ASSETCATALOG_COMPILER_APPICON_NAME = AppIcon;
				ASSETCATALOG_COMPILER_GLOBAL_ACCENT_COLOR_NAME = AccentColor;
				CODE_SIGN_STYLE = Automatic;
				DEVELOPMENT_ASSET_PATHS = "\"HotCoffeApp/Preview Content\"";
				DEVELOPMENT_TEAM = L634MQB9CR;
				ENABLE_PREVIEWS = YES;
				INFOPLIST_FILE = HotCoffeApp/Info.plist;
				IPHONEOS_DEPLOYMENT_TARGET = 14.0;
				LD_RUNPATH_SEARCH_PATHS = (
					"$(inherited)",
					"@executable_path/Frameworks",
				);
				PRODUCT_BUNDLE_IDENTIFIER = "Payam-Khaninejad.HotCoffeApp";
				PRODUCT_NAME = "$(TARGET_NAME)";
				SWIFT_VERSION = 5.0;
				TARGETED_DEVICE_FAMILY = "1,2";
			};
			name = Release;
		};
/* End XCBuildConfiguration section */

/* Begin XCConfigurationList section */
		AF1F811525B1AAF4009DDDE6 /* Build configuration list for PBXProject "HotCoffeApp" */ = {
			isa = XCConfigurationList;
			buildConfigurations = (
				AF1F812C25B1AAF5009DDDE6 /* Debug */,
				AF1F812D25B1AAF5009DDDE6 /* Release */,
			);
			defaultConfigurationIsVisible = 0;
			defaultConfigurationName = Release;
		};
		AF1F812E25B1AAF5009DDDE6 /* Build configuration list for PBXNativeTarget "HotCoffeApp" */ = {
			isa = XCConfigurationList;
			buildConfigurations = (
				AF1F812F25B1AAF5009DDDE6 /* Debug */,
				AF1F813025B1AAF5009DDDE6 /* Release */,
			);
			defaultConfigurationIsVisible = 0;
			defaultConfigurationName = Release;
		};
/* End XCConfigurationList section */

/* Begin XCVersionGroup section */
		AF1F812825B1AAF5009DDDE6 /* HotCoffeApp.xcdatamodeld */ = {
			isa = XCVersionGroup;
			children = (
				AF1F812925B1AAF5009DDDE6 /* HotCoffeApp.xcdatamodel */,
			);
			currentVersion = AF1F812925B1AAF5009DDDE6 /* HotCoffeApp.xcdatamodel */;
			path = HotCoffeApp.xcdatamodeld;
			sourceTree = "<group>";
			versionGroupType = wrapper.xcdatamodel;
		};
/* End XCVersionGroup section */
	};
	rootObject = AF1F811225B1AAF4009DDDE6 /* Project object */;
}
