// !$*UTF8*$!
{
	archiveVersion = 1;
	classes = {
	};
	objectVersion = 50;
	objects = {

/* Begin PBXBuildFile section */
		AF9BBE8E25961A3B0064DFC4 /* StateWithSubViewBindingApp.swift in Sources */ = {isa = PBXBuildFile; fileRef = AF9BBE8D25961A3B0064DFC4 /* StateWithSubViewBindingApp.swift */; };
		AF9BBE9025961A3B0064DFC4 /* ContentView.swift in Sources */ = {isa = PBXBuildFile; fileRef = AF9BBE8F25961A3B0064DFC4 /* ContentView.swift */; };
		AF9BBE9225961A3E0064DFC4 /* Assets.xcassets in Resources */ = {isa = PBXBuildFile; fileRef = AF9BBE9125961A3E0064DFC4 /* Assets.xcassets */; };
		AF9BBE9525961A3E0064DFC4 /* Preview Assets.xcassets in Resources */ = {isa = PBXBuildFile; fileRef = AF9BBE9425961A3E0064DFC4 /* Preview Assets.xcassets */; };
		AF9BBEA125961A520064DFC4 /* Eposide.swift in Sources */ = {isa = PBXBuildFile; fileRef = AF9BBEA025961A520064DFC4 /* Eposide.swift */; };
/* End PBXBuildFile section */

/* Begin PBXFileReference section */
		AF9BBE8A25961A3B0064DFC4 /* StateWithSubViewBinding.app */ = {isa = PBXFileReference; explicitFileType = wrapper.application; includeInIndex = 0; path = StateWithSubViewBinding.app; sourceTree = BUILT_PRODUCTS_DIR; };
		AF9BBE8D25961A3B0064DFC4 /* StateWithSubViewBindingApp.swift */ = {isa = PBXFileReference; lastKnownFileType = sourcecode.swift; path = StateWithSubViewBindingApp.swift; sourceTree = "<group>"; };
		AF9BBE8F25961A3B0064DFC4 /* ContentView.swift */ = {isa = PBXFileReference; lastKnownFileType = sourcecode.swift; path = ContentView.swift; sourceTree = "<group>"; };
		AF9BBE9125961A3E0064DFC4 /* Assets.xcassets */ = {isa = PBXFileReference; lastKnownFileType = folder.assetcatalog; path = Assets.xcassets; sourceTree = "<group>"; };
		AF9BBE9425961A3E0064DFC4 /* Preview Assets.xcassets */ = {isa = PBXFileReference; lastKnownFileType = folder.assetcatalog; path = "Preview Assets.xcassets"; sourceTree = "<group>"; };
		AF9BBE9625961A3E0064DFC4 /* Info.plist */ = {isa = PBXFileReference; lastKnownFileType = text.plist.xml; path = Info.plist; sourceTree = "<group>"; };
		AF9BBEA025961A520064DFC4 /* Eposide.swift */ = {isa = PBXFileReference; lastKnownFileType = sourcecode.swift; path = Eposide.swift; sourceTree = "<group>"; };
/* End PBXFileReference section */

/* Begin PBXFrameworksBuildPhase section */
		AF9BBE8725961A3B0064DFC4 /* Frameworks */ = {
			isa = PBXFrameworksBuildPhase;
			buildActionMask = 2147483647;
			files = (
			);
			runOnlyForDeploymentPostprocessing = 0;
		};
/* End PBXFrameworksBuildPhase section */

/* Begin PBXGroup section */
		AF9BBE8125961A3B0064DFC4 = {
			isa = PBXGroup;
			children = (
				AF9BBE8C25961A3B0064DFC4 /* StateWithSubViewBinding */,
				AF9BBE8B25961A3B0064DFC4 /* Products */,
			);
			sourceTree = "<group>";
		};
		AF9BBE8B25961A3B0064DFC4 /* Products */ = {
			isa = PBXGroup;
			children = (
				AF9BBE8A25961A3B0064DFC4 /* StateWithSubViewBinding.app */,
			);
			name = Products;
			sourceTree = "<group>";
		};
		AF9BBE8C25961A3B0064DFC4 /* StateWithSubViewBinding */ = {
			isa = PBXGroup;
			children = (
				AF9BBE9D25961A460064DFC4 /* Model */,
				AF9BBE8D25961A3B0064DFC4 /* StateWithSubViewBindingApp.swift */,
				AF9BBE8F25961A3B0064DFC4 /* ContentView.swift */,
				AF9BBE9125961A3E0064DFC4 /* Assets.xcassets */,
				AF9BBE9625961A3E0064DFC4 /* Info.plist */,
				AF9BBE9325961A3E0064DFC4 /* Preview Content */,
			);
			path = StateWithSubViewBinding;
			sourceTree = "<group>";
		};
		AF9BBE9325961A3E0064DFC4 /* Preview Content */ = {
			isa = PBXGroup;
			children = (
				AF9BBE9425961A3E0064DFC4 /* Preview Assets.xcassets */,
			);
			path = "Preview Content";
			sourceTree = "<group>";
		};
		AF9BBE9D25961A460064DFC4 /* Model */ = {
			isa = PBXGroup;
			children = (
				AF9BBEA025961A520064DFC4 /* Eposide.swift */,
			);
			path = Model;
			sourceTree = "<group>";
		};
/* End PBXGroup section */

/* Begin PBXNativeTarget section */
		AF9BBE8925961A3B0064DFC4 /* StateWithSubViewBinding */ = {
			isa = PBXNativeTarget;
			buildConfigurationList = AF9BBE9925961A3E0064DFC4 /* Build configuration list for PBXNativeTarget "StateWithSubViewBinding" */;
			buildPhases = (
				AF9BBE8625961A3B0064DFC4 /* Sources */,
				AF9BBE8725961A3B0064DFC4 /* Frameworks */,
				AF9BBE8825961A3B0064DFC4 /* Resources */,
			);
			buildRules = (
			);
			dependencies = (
			);
			name = StateWithSubViewBinding;
			productName = StateWithSubViewBinding;
			productReference = AF9BBE8A25961A3B0064DFC4 /* StateWithSubViewBinding.app */;
			productType = "com.apple.product-type.application";
		};
/* End PBXNativeTarget section */

/* Begin PBXProject section */
		AF9BBE8225961A3B0064DFC4 /* Project object */ = {
			isa = PBXProject;
			attributes = {
				LastSwiftUpdateCheck = 1230;
				LastUpgradeCheck = 1230;
				TargetAttributes = {
					AF9BBE8925961A3B0064DFC4 = {
						CreatedOnToolsVersion = 12.3;
					};
				};
			};
			buildConfigurationList = AF9BBE8525961A3B0064DFC4 /* Build configuration list for PBXProject "StateWithSubViewBinding" */;
			compatibilityVersion = "Xcode 9.3";
			developmentRegion = en;
			hasScannedForEncodings = 0;
			knownRegions = (
				en,
				Base,
			);
			mainGroup = AF9BBE8125961A3B0064DFC4;
			productRefGroup = AF9BBE8B25961A3B0064DFC4 /* Products */;
			projectDirPath = "";
			projectRoot = "";
			targets = (
				AF9BBE8925961A3B0064DFC4 /* StateWithSubViewBinding */,
			);
		};
/* End PBXProject section */

/* Begin PBXResourcesBuildPhase section */
		AF9BBE8825961A3B0064DFC4 /* Resources */ = {
			isa = PBXResourcesBuildPhase;
			buildActionMask = 2147483647;
			files = (
				AF9BBE9525961A3E0064DFC4 /* Preview Assets.xcassets in Resources */,
				AF9BBE9225961A3E0064DFC4 /* Assets.xcassets in Resources */,
			);
			runOnlyForDeploymentPostprocessing = 0;
		};
/* End PBXResourcesBuildPhase section */

/* Begin PBXSourcesBuildPhase section */
		AF9BBE8625961A3B0064DFC4 /* Sources */ = {
			isa = PBXSourcesBuildPhase;
			buildActionMask = 2147483647;
			files = (
				AF9BBEA125961A520064DFC4 /* Eposide.swift in Sources */,
				AF9BBE9025961A3B0064DFC4 /* ContentView.swift in Sources */,
				AF9BBE8E25961A3B0064DFC4 /* StateWithSubViewBindingApp.swift in Sources */,
			);
			runOnlyForDeploymentPostprocessing = 0;
		};
/* End PBXSourcesBuildPhase section */

/* Begin XCBuildConfiguration section */
		AF9BBE9725961A3E0064DFC4 /* Debug */ = {
			isa = XCBuildConfiguration;
			buildSettings = {
				ALWAYS_SEARCH_USER_PATHS = NO;
				CLANG_ANALYZER_NONNULL = YES;
				CLANG_ANALYZER_NUMBER_OBJECT_CONVERSION = YES_AGGRESSIVE;
				CLANG_CXX_LANGUAGE_STANDARD = "gnu++14";
				CLANG_CXX_LIBRARY = "libc++";
				CLANG_ENABLE_MODULES = YES;
				CLANG_ENABLE_OBJC_ARC = YES;
				CLANG_ENABLE_OBJC_WEAK = YES;
				CLANG_WARN_BLOCK_CAPTURE_AUTORELEASING = YES;
				CLANG_WARN_BOOL_CONVERSION = YES;
				CLANG_WARN_COMMA = YES;
				CLANG_WARN_CONSTANT_CONVERSION = YES;
				CLANG_WARN_DEPRECATED_OBJC_IMPLEMENTATIONS = YES;
				CLANG_WARN_DIRECT_OBJC_ISA_USAGE = YES_ERROR;
				CLANG_WARN_DOCUMENTATION_COMMENTS = YES;
				CLANG_WARN_EMPTY_BODY = YES;
				CLANG_WARN_ENUM_CONVERSION = YES;
				CLANG_WARN_INFINITE_RECURSION = YES;
				CLANG_WARN_INT_CONVERSION = YES;
				CLANG_WARN_NON_LITERAL_NULL_CONVERSION = YES;
				CLANG_WARN_OBJC_IMPLICIT_RETAIN_SELF = YES;
				CLANG_WARN_OBJC_LITERAL_CONVERSION = YES;
				CLANG_WARN_OBJC_ROOT_CLASS = YES_ERROR;
				CLANG_WARN_QUOTED_INCLUDE_IN_FRAMEWORK_HEADER = YES;
				CLANG_WARN_RANGE_LOOP_ANALYSIS = YES;
				CLANG_WARN_STRICT_PROTOTYPES = YES;
				CLANG_WARN_SUSPICIOUS_MOVE = YES;
				CLANG_WARN_UNGUARDED_AVAILABILITY = YES_AGGRESSIVE;
				CLANG_WARN_UNREACHABLE_CODE = YES;
				CLANG_WARN__DUPLICATE_METHOD_MATCH = YES;
				COPY_PHASE_STRIP = NO;
				DEBUG_INFORMATION_FORMAT = dwarf;
				ENABLE_STRICT_OBJC_MSGSEND = YES;
				ENABLE_TESTABILITY = YES;
				GCC_C_LANGUAGE_STANDARD = gnu11;
				GCC_DYNAMIC_NO_PIC = NO;
				GCC_NO_COMMON_BLOCKS = YES;
				GCC_OPTIMIZATION_LEVEL = 0;
				GCC_PREPROCESSOR_DEFINITIONS = (
					"DEBUG=1",
					"$(inherited)",
				);
				GCC_WARN_64_TO_32_BIT_CONVERSION = YES;
				GCC_WARN_ABOUT_RETURN_TYPE = YES_ERROR;
				GCC_WARN_UNDECLARED_SELECTOR = YES;
				GCC_WARN_UNINITIALIZED_AUTOS = YES_AGGRESSIVE;
				GCC_WARN_UNUSED_FUNCTION = YES;
				GCC_WARN_UNUSED_VARIABLE = YES;
				IPHONEOS_DEPLOYMENT_TARGET = 14.3;
				MTL_ENABLE_DEBUG_INFO = INCLUDE_SOURCE;
				MTL_FAST_MATH = YES;
				ONLY_ACTIVE_ARCH = YES;
				SDKROOT = iphoneos;
				SWIFT_ACTIVE_COMPILATION_CONDITIONS = DEBUG;
				SWIFT_OPTIMIZATION_LEVEL = "-Onone";
			};
			name = Debug;
		};
		AF9BBE9825961A3E0064DFC4 /* Release */ = {
			isa = XCBuildConfiguration;
			buildSettings = {
				ALWAYS_SEARCH_USER_PATHS = NO;
				CLANG_ANALYZER_NONNULL = YES;
				CLANG_ANALYZER_NUMBER_OBJECT_CONVERSION = YES_AGGRESSIVE;
				CLANG_CXX_LANGUAGE_STANDARD = "gnu++14";
				CLANG_CXX_LIBRARY = "libc++";
				CLANG_ENABLE_MODULES = YES;
				CLANG_ENABLE_OBJC_ARC = YES;
				CLANG_ENABLE_OBJC_WEAK = YES;
				CLANG_WARN_BLOCK_CAPTURE_AUTORELEASING = YES;
				CLANG_WARN_BOOL_CONVERSION = YES;
				CLANG_WARN_COMMA = YES;
				CLANG_WARN_CONSTANT_CONVERSION = YES;
				CLANG_WARN_DEPRECATED_OBJC_IMPLEMENTATIONS = YES;
				CLANG_WARN_DIRECT_OBJC_ISA_USAGE = YES_ERROR;
				CLANG_WARN_DOCUMENTATION_COMMENTS = YES;
				CLANG_WARN_EMPTY_BODY = YES;
				CLANG_WARN_ENUM_CONVERSION = YES;
				CLANG_WARN_INFINITE_RECURSION = YES;
				CLANG_WARN_INT_CONVERSION = YES;
				CLANG_WARN_NON_LITERAL_NULL_CONVERSION = YES;
				CLANG_WARN_OBJC_IMPLICIT_RETAIN_SELF = YES;
				CLANG_WARN_OBJC_LITERAL_CONVERSION = YES;
				CLANG_WARN_OBJC_ROOT_CLASS = YES_ERROR;
				CLANG_WARN_QUOTED_INCLUDE_IN_FRAMEWORK_HEADER = YES;
				CLANG_WARN_RANGE_LOOP_ANALYSIS = YES;
				CLANG_WARN_STRICT_PROTOTYPES = YES;
				CLANG_WARN_SUSPICIOUS_MOVE = YES;
				CLANG_WARN_UNGUARDED_AVAILABILITY = YES_AGGRESSIVE;
				CLANG_WARN_UNREACHABLE_CODE = YES;
				CLANG_WARN__DUPLICATE_METHOD_MATCH = YES;
				COPY_PHASE_STRIP = NO;
				DEBUG_INFORMATION_FORMAT = "dwarf-with-dsym";
				ENABLE_NS_ASSERTIONS = NO;
				ENABLE_STRICT_OBJC_MSGSEND = YES;
				GCC_C_LANGUAGE_STANDARD = gnu11;
				GCC_NO_COMMON_BLOCKS = YES;
				GCC_WARN_64_TO_32_BIT_CONVERSION = YES;
				GCC_WARN_ABOUT_RETURN_TYPE = YES_ERROR;
				GCC_WARN_UNDECLARED_SELECTOR = YES;
				GCC_WARN_UNINITIALIZED_AUTOS = YES_AGGRESSIVE;
				GCC_WARN_UNUSED_FUNCTION = YES;
				GCC_WARN_UNUSED_VARIABLE = YES;
				IPHONEOS_DEPLOYMENT_TARGET = 14.3;
				MTL_ENABLE_DEBUG_INFO = NO;
				MTL_FAST_MATH = YES;
				SDKROOT = iphoneos;
				SWIFT_COMPILATION_MODE = wholemodule;
				SWIFT_OPTIMIZATION_LEVEL = "-O";
				VALIDATE_PRODUCT = YES;
			};
			name = Release;
		};
		AF9BBE9A25961A3E0064DFC4 /* Debug */ = {
			isa = XCBuildConfiguration;
			buildSettings = {
				ASSETCATALOG_COMPILER_APPICON_NAME = AppIcon;
				ASSETCATALOG_COMPILER_GLOBAL_ACCENT_COLOR_NAME = AccentColor;
				CODE_SIGN_STYLE = Automatic;
				DEVELOPMENT_ASSET_PATHS = "\"StateWithSubViewBinding/Preview Content\"";
				DEVELOPMENT_TEAM = L634MQB9CR;
				ENABLE_PREVIEWS = YES;
				INFOPLIST_FILE = StateWithSubViewBinding/Info.plist;
				IPHONEOS_DEPLOYMENT_TARGET = 14.0;
				LD_RUNPATH_SEARCH_PATHS = (
					"$(inherited)",
					"@executable_path/Frameworks",
				);
				PRODUCT_BUNDLE_IDENTIFIER = "Payam-Khaninejad.StateWithSubViewBinding";
				PRODUCT_NAME = "$(TARGET_NAME)";
				SWIFT_VERSION = 5.0;
				TARGETED_DEVICE_FAMILY = "1,2";
			};
			name = Debug;
		};
		AF9BBE9B25961A3E0064DFC4 /* Release */ = {
			isa = XCBuildConfiguration;
			buildSettings = {
				ASSETCATALOG_COMPILER_APPICON_NAME = AppIcon;
				ASSETCATALOG_COMPILER_GLOBAL_ACCENT_COLOR_NAME = AccentColor;
				CODE_SIGN_STYLE = Automatic;
				DEVELOPMENT_ASSET_PATHS = "\"StateWithSubViewBinding/Preview Content\"";
				DEVELOPMENT_TEAM = L634MQB9CR;
				ENABLE_PREVIEWS = YES;
				INFOPLIST_FILE = StateWithSubViewBinding/Info.plist;
				IPHONEOS_DEPLOYMENT_TARGET = 14.0;
				LD_RUNPATH_SEARCH_PATHS = (
					"$(inherited)",
					"@executable_path/Frameworks",
				);
				PRODUCT_BUNDLE_IDENTIFIER = "Payam-Khaninejad.StateWithSubViewBinding";
				PRODUCT_NAME = "$(TARGET_NAME)";
				SWIFT_VERSION = 5.0;
				TARGETED_DEVICE_FAMILY = "1,2";
			};
			name = Release;
		};
/* End XCBuildConfiguration section */

/* Begin XCConfigurationList section */
		AF9BBE8525961A3B0064DFC4 /* Build configuration list for PBXProject "StateWithSubViewBinding" */ = {
			isa = XCConfigurationList;
			buildConfigurations = (
				AF9BBE9725961A3E0064DFC4 /* Debug */,
				AF9BBE9825961A3E0064DFC4 /* Release */,
			);
			defaultConfigurationIsVisible = 0;
			defaultConfigurationName = Release;
		};
		AF9BBE9925961A3E0064DFC4 /* Build configuration list for PBXNativeTarget "StateWithSubViewBinding" */ = {
			isa = XCConfigurationList;
			buildConfigurations = (
				AF9BBE9A25961A3E0064DFC4 /* Debug */,
				AF9BBE9B25961A3E0064DFC4 /* Release */,
			);
			defaultConfigurationIsVisible = 0;
			defaultConfigurationName = Release;
		};
/* End XCConfigurationList section */
	};
	rootObject = AF9BBE8225961A3B0064DFC4 /* Project object */;
}
